
Microsoft Visual Studio Solution File, Format Version 12.00
# Visual Studio Version 16
VisualStudioVersion = 16.0.31402.337
MinimumVisualStudioVersion = 10.0.40219.1
Project("{9A19103F-16F7-4668-BE54-9A1E7A4F7556}") = "MarkdownTelegram", "MarkdownTelegram\MarkdownTelegram.csproj", "{9449AFDF-415C-4097-BEEE-E81DB50DB097}"
EndProject
Project("{9A19103F-16F7-4668-BE54-9A1E7A4F7556}") = "Tests", "Tests\Tests.csproj", "{FC596814-9590-451B-80C4-B8678315C45F}"
EndProject
Global
	GlobalSection(SolutionConfigurationPlatforms) = preSolution
		Debug|Any CPU = Debug|Any CPU
		Release|Any CPU = Release|Any CPU
	EndGlobalSection
	GlobalSection(ProjectConfigurationPlatforms) = postSolution
		{9449AFDF-415C-4097-BEEE-E81DB50DB097}.Debug|Any CPU.ActiveCfg = Debug|Any CPU
		{9449AFDF-415C-4097-BEEE-E81DB50DB097}.Debug|Any CPU.Build.0 = Debug|Any CPU
		{9449AFDF-415C-4097-BEEE-E81DB50DB097}.Release|Any CPU.ActiveCfg = Release|Any CPU
		{9449AFDF-415C-4097-BEEE-E81DB50DB097}.Release|Any CPU.Build.0 = Release|Any CPU
		{FC596814-9590-451B-80C4-B8678315C45F}.Debug|Any CPU.ActiveCfg = Debug|Any CPU
		{FC596814-9590-451B-80C4-B8678315C45F}.Debug|Any CPU.Build.0 = Debug|Any CPU
		{FC596814-9590-451B-80C4-B8678315C45F}.Release|Any CPU.ActiveCfg = Release|Any CPU
		{FC596814-9590-451B-80C4-B8678315C45F}.Release|Any CPU.Build.0 = Release|Any CPU
	EndGlobalSection
	GlobalSection(SolutionProperties) = preSolution
		HideSolutionNode = FALSE
	EndGlobalSection
	GlobalSection(ExtensibilityGlobals) = postSolution
		SolutionGuid = {6C640CB9-B60D-4688-B671-570177960892}
	EndGlobalSection
EndGlobal
